<?xml version="1.0" encoding="utf-8"?>
<Project ToolsVersion="16.0" xmlns="http://schemas.microsoft.com/developer/msbuild/2003">
  <ItemGroup>
    <CustomBuild Include="C:\Users\User\Desktop\Epicgame\proj.win32\CMakeFiles\a3a0abfae5bc25d7f0a147037a35eda6\generate.stamp.rule">
      <Filter>CMake Rules</Filter>
    </CustomBuild>
  </ItemGroup>
  <ItemGroup>
    <Filter Include="CMake Rules">
      <UniqueIdentifier>{11D2FC1E-8B91-329A-9986-7E33B39DE834}</UniqueIdentifier>
    </Filter>
  </ItemGroup>
</Project>
